
Microsoft Visual Studio Solution File, Format Version 12.00
# Visual Studio Version 16
VisualStudioVersion = 16.0.30503.244
MinimumVisualStudioVersion = 10.0.40219.1
Project("{9A19103F-16F7-4668-BE54-9A1E7A4F7556}") = "MessageQueueApi", "MessageQueueApi\MessageQueueApi.csproj", "{D8DE031F-F783-4DF3-BC04-386002E0BCC2}"
EndProject
Project("{9A19103F-16F7-4668-BE54-9A1E7A4F7556}") = "MessageEmailService", "MessageEmailService\MessageEmailService.csproj", "{839D55F5-ECC4-4785-ACF2-A3238B41B593}"
EndProject
Project("{9A19103F-16F7-4668-BE54-9A1E7A4F7556}") = "MessageLoggingService", "MessageLoggingService\MessageLoggingService.csproj", "{DE0277D2-CBC5-4AA3-AE05-AD2EA0A495AB}"
EndProject
Global
	GlobalSection(SolutionConfigurationPlatforms) = preSolution
		Debug|Any CPU = Debug|Any CPU
		Release|Any CPU = Release|Any CPU
	EndGlobalSection
	GlobalSection(ProjectConfigurationPlatforms) = postSolution
		{D8DE031F-F783-4DF3-BC04-386002E0BCC2}.Debug|Any CPU.ActiveCfg = Debug|Any CPU
		{D8DE031F-F783-4DF3-BC04-386002E0BCC2}.Debug|Any CPU.Build.0 = Debug|Any CPU
		{D8DE031F-F783-4DF3-BC04-386002E0BCC2}.Release|Any CPU.ActiveCfg = Release|Any CPU
		{D8DE031F-F783-4DF3-BC04-386002E0BCC2}.Release|Any CPU.Build.0 = Release|Any CPU
		{839D55F5-ECC4-4785-ACF2-A3238B41B593}.Debug|Any CPU.ActiveCfg = Debug|Any CPU
		{839D55F5-ECC4-4785-ACF2-A3238B41B593}.Debug|Any CPU.Build.0 = Debug|Any CPU
		{839D55F5-ECC4-4785-ACF2-A3238B41B593}.Release|Any CPU.ActiveCfg = Release|Any CPU
		{839D55F5-ECC4-4785-ACF2-A3238B41B593}.Release|Any CPU.Build.0 = Release|Any CPU
		{DE0277D2-CBC5-4AA3-AE05-AD2EA0A495AB}.Debug|Any CPU.ActiveCfg = Debug|Any CPU
		{DE0277D2-CBC5-4AA3-AE05-AD2EA0A495AB}.Debug|Any CPU.Build.0 = Debug|Any CPU
		{DE0277D2-CBC5-4AA3-AE05-AD2EA0A495AB}.Release|Any CPU.ActiveCfg = Release|Any CPU
		{DE0277D2-CBC5-4AA3-AE05-AD2EA0A495AB}.Release|Any CPU.Build.0 = Release|Any CPU
	EndGlobalSection
	GlobalSection(SolutionProperties) = preSolution
		HideSolutionNode = FALSE
	EndGlobalSection
	GlobalSection(ExtensibilityGlobals) = postSolution
		SolutionGuid = {B488FC7E-C802-4226-917E-620B45509DA0}
	EndGlobalSection
EndGlobal
